
Microsoft Visual Studio Solution File, Format Version 12.00
# Visual Studio Version 16
VisualStudioVersion = 16.0.30907.101
MinimumVisualStudioVersion = 10.0.40219.1
Project("{9A19103F-16F7-4668-BE54-9A1E7A4F7556}") = "HotelLinenManagerV2", "HotelLinenManagerV2.csproj", "{389A9326-F4CE-49D9-A612-8595A8D05579}"
EndProject
Project("{9A19103F-16F7-4668-BE54-9A1E7A4F7556}") = "HotelLinenManagerV2.DataAccess", "..\HotelLinenManagerV2.DataAccess\HotelLinenManagerV2.DataAccess.csproj", "{D3658E8A-775D-4868-8072-9BC86C2C13C2}"
EndProject
Project("{9A19103F-16F7-4668-BE54-9A1E7A4F7556}") = "HotelLinenManagerV2.ApplicationServices", "..\HotelLinenManagerV2.ApplicationServices\HotelLinenManagerV2.ApplicationServices.csproj", "{6FCA1689-6676-493F-BB65-AD327AB3DB6D}"
EndProject
Project("{9A19103F-16F7-4668-BE54-9A1E7A4F7556}") = "BlazorApp", "..\ZKJ_BlazorApp-main\BlazorApp.csproj", "{53088D33-5D3C-4716-A552-79E8479E79E3}"
EndProject
Project("{FAE04EC0-301F-11D3-BF4B-00C04F79EFBC}") = "KonolaTestowa", "..\KonolaTestowa\KonolaTestowa.csproj", "{58CE4875-2950-4D34-93A8-D4298FFC25BA}"
EndProject
Global
	GlobalSection(SolutionConfigurationPlatforms) = preSolution
		Debug|Any CPU = Debug|Any CPU
		Release|Any CPU = Release|Any CPU
	EndGlobalSection
	GlobalSection(ProjectConfigurationPlatforms) = postSolution
		{389A9326-F4CE-49D9-A612-8595A8D05579}.Debug|Any CPU.ActiveCfg = Debug|Any CPU
		{389A9326-F4CE-49D9-A612-8595A8D05579}.Debug|Any CPU.Build.0 = Debug|Any CPU
		{389A9326-F4CE-49D9-A612-8595A8D05579}.Release|Any CPU.ActiveCfg = Release|Any CPU
		{389A9326-F4CE-49D9-A612-8595A8D05579}.Release|Any CPU.Build.0 = Release|Any CPU
		{D3658E8A-775D-4868-8072-9BC86C2C13C2}.Debug|Any CPU.ActiveCfg = Debug|Any CPU
		{D3658E8A-775D-4868-8072-9BC86C2C13C2}.Debug|Any CPU.Build.0 = Debug|Any CPU
		{D3658E8A-775D-4868-8072-9BC86C2C13C2}.Release|Any CPU.ActiveCfg = Release|Any CPU
		{D3658E8A-775D-4868-8072-9BC86C2C13C2}.Release|Any CPU.Build.0 = Release|Any CPU
		{6FCA1689-6676-493F-BB65-AD327AB3DB6D}.Debug|Any CPU.ActiveCfg = Debug|Any CPU
		{6FCA1689-6676-493F-BB65-AD327AB3DB6D}.Debug|Any CPU.Build.0 = Debug|Any CPU
		{6FCA1689-6676-493F-BB65-AD327AB3DB6D}.Release|Any CPU.ActiveCfg = Release|Any CPU
		{6FCA1689-6676-493F-BB65-AD327AB3DB6D}.Release|Any CPU.Build.0 = Release|Any CPU
		{53088D33-5D3C-4716-A552-79E8479E79E3}.Debug|Any CPU.ActiveCfg = Debug|Any CPU
		{53088D33-5D3C-4716-A552-79E8479E79E3}.Debug|Any CPU.Build.0 = Debug|Any CPU
		{53088D33-5D3C-4716-A552-79E8479E79E3}.Release|Any CPU.ActiveCfg = Release|Any CPU
		{53088D33-5D3C-4716-A552-79E8479E79E3}.Release|Any CPU.Build.0 = Release|Any CPU
		{58CE4875-2950-4D34-93A8-D4298FFC25BA}.Debug|Any CPU.ActiveCfg = Debug|Any CPU
		{58CE4875-2950-4D34-93A8-D4298FFC25BA}.Debug|Any CPU.Build.0 = Debug|Any CPU
		{58CE4875-2950-4D34-93A8-D4298FFC25BA}.Release|Any CPU.ActiveCfg = Release|Any CPU
		{58CE4875-2950-4D34-93A8-D4298FFC25BA}.Release|Any CPU.Build.0 = Release|Any CPU
	EndGlobalSection
	GlobalSection(SolutionProperties) = preSolution
		HideSolutionNode = FALSE
	EndGlobalSection
	GlobalSection(ExtensibilityGlobals) = postSolution
		SolutionGuid = {E0213656-80A8-4AD6-B8BA-1D4E4C02B166}
	EndGlobalSection
EndGlobal
